{
  "object": {
    "pins": [
      {
        "package": "UtilityKit",
        "repositoryURL": "https://github.com/darrylweimers/UtilityKit.git",
        "state": {
          "branch": null,
          "revision": "50cc2d020d5347f9561805146d3bab30e3761080",
          "version": "1.0.1"
        }
      }
    ]
  },
  "version": 1
}
