{
  "object": {
    "pins": [
      {
        "package": "UtilityKit",
        "repositoryURL": "https://github.com/darrylweimers/UtilityKit.git",
        "state": {
          "branch": null,
          "revision": "672e2e4658dde3637df52bfb9453cad07f96ba4e",
          "version": "1.0.0"
        }
      }
    ]
  },
  "version": 1
}
