// !$*UTF8*$!
{
	archiveVersion = 1;
	classes = {
	};
	objectVersion = 52;
	objects = {

/* Begin PBXBuildFile section */
		252AC15B0883EC06A70E880E /* Pods_amplify_auth_getting_started_amplify_auth_getting_startedUITests.framework in Frameworks */ = {isa = PBXBuildFile; fileRef = E34A60559C44BC98452A6A84 /* Pods_amplify_auth_getting_started_amplify_auth_getting_startedUITests.framework */; };
		6C2DB1A162859D96E00F32B1 /* Pods_amplify_auth_getting_startedTests.framework in Frameworks */ = {isa = PBXBuildFile; fileRef = BEA3FDBA5E3717697DEDBAEA /* Pods_amplify_auth_getting_startedTests.framework */; };
		7F5506EDF65242A3B188C30C /* awsconfiguration.json in Resources */ = {isa = PBXBuildFile; fileRef = CD0E32FF2B694E658183DD53 /* awsconfiguration.json */; };
		A368BF6AF5D77010956D9DEE /* Pods_amplify_auth_getting_started.framework in Frameworks */ = {isa = PBXBuildFile; fileRef = B3D4B0221CEED42F343B9627 /* Pods_amplify_auth_getting_started.framework */; };
		CD52EFF625D8A70100FB7F0E /* BaseCoordinator.swift in Sources */ = {isa = PBXBuildFile; fileRef = CD52EFF525D8A70100FB7F0E /* BaseCoordinator.swift */; };
		CD52EFFB25D8A71900FB7F0E /* Navigator.swift in Sources */ = {isa = PBXBuildFile; fileRef = CD52EFFA25D8A71900FB7F0E /* Navigator.swift */; };
		CD52F00725D8ABB000FB7F0E /* AppCoordinatorFactory.swift in Sources */ = {isa = PBXBuildFile; fileRef = CD52F00625D8ABB000FB7F0E /* AppCoordinatorFactory.swift */; };
		CD52F00D25D8B21500FB7F0E /* MainCoordinator.swift in Sources */ = {isa = PBXBuildFile; fileRef = CD52F00C25D8B21500FB7F0E /* MainCoordinator.swift */; };
		CD52F01525D8F06300FB7F0E /* HomeViewController.swift in Sources */ = {isa = PBXBuildFile; fileRef = CD52F01425D8F06200FB7F0E /* HomeViewController.swift */; };
		CD660E8625D4DB88009CC75C /* SignInViewController.swift in Sources */ = {isa = PBXBuildFile; fileRef = CD660E8525D4DB88009CC75C /* SignInViewController.swift */; };
		CD660E8B25D4DB97009CC75C /* SignUpViewController.swift in Sources */ = {isa = PBXBuildFile; fileRef = CD660E8A25D4DB97009CC75C /* SignUpViewController.swift */; };
		CD660E9F25D4DD05009CC75C /* Coordinator.swift in Sources */ = {isa = PBXBuildFile; fileRef = CD660E9E25D4DD05009CC75C /* Coordinator.swift */; };
		CD660EA825D4DD51009CC75C /* AuthenticateViewControllerFactory.swift in Sources */ = {isa = PBXBuildFile; fileRef = CD660EA725D4DD51009CC75C /* AuthenticateViewControllerFactory.swift */; };
		CD660EB125D4DF13009CC75C /* AuthenticateCoordinator.swift in Sources */ = {isa = PBXBuildFile; fileRef = CD660EB025D4DF13009CC75C /* AuthenticateCoordinator.swift */; };
		CD83A9AC25D0BC8F00707059 /* ToggleView.swift in Sources */ = {isa = PBXBuildFile; fileRef = CD83A9AB25D0BC8E00707059 /* ToggleView.swift */; };
		CD928EDE25CFD1330048CE99 /* LoginController.swift in Sources */ = {isa = PBXBuildFile; fileRef = CD928EDD25CFD1330048CE99 /* LoginController.swift */; };
		CD928EE425CFD1410048CE99 /* LoginView.swift in Sources */ = {isa = PBXBuildFile; fileRef = CD928EE225CFD1410048CE99 /* LoginView.swift */; };
		CD928EE525CFD1410048CE99 /* TextField.swift in Sources */ = {isa = PBXBuildFile; fileRef = CD928EE325CFD1410048CE99 /* TextField.swift */; };
		CD928EEC25CFD15A0048CE99 /* LoginModel.swift in Sources */ = {isa = PBXBuildFile; fileRef = CD928EEA25CFD15A0048CE99 /* LoginModel.swift */; };
		CD928EFE25CFD6EF0048CE99 /* UtilityKit in Frameworks */ = {isa = PBXBuildFile; productRef = CD928EFD25CFD6EF0048CE99 /* UtilityKit */; };
		CDDE7C7F25D8961400D365CA /* AppCoordinator.swift in Sources */ = {isa = PBXBuildFile; fileRef = CDDE7C7E25D8961400D365CA /* AppCoordinator.swift */; };
		CDDE7C8D25D8994A00D365CA /* AuthenticateViewModelFactory.swift in Sources */ = {isa = PBXBuildFile; fileRef = CDDE7C8C25D8994A00D365CA /* AuthenticateViewModelFactory.swift */; };
		CDDE7C9625D89A7F00D365CA /* SignUpViewModel.swift in Sources */ = {isa = PBXBuildFile; fileRef = CDDE7C9525D89A7F00D365CA /* SignUpViewModel.swift */; };
		CDDE7C9B25D89A9200D365CA /* SignInViewModel.swift in Sources */ = {isa = PBXBuildFile; fileRef = CDDE7C9A25D89A9200D365CA /* SignInViewModel.swift */; };
		CDDE7CA325D89EA900D365CA /* SignUpConfirmationViewController.swift in Sources */ = {isa = PBXBuildFile; fileRef = CDDE7CA225D89EA900D365CA /* SignUpConfirmationViewController.swift */; };
		CDDE7CAE25D89F1100D365CA /* SignUpConfirmationViewModel.swift in Sources */ = {isa = PBXBuildFile; fileRef = CDDE7CAD25D89F1100D365CA /* SignUpConfirmationViewModel.swift */; };
		CDF8F98425BD0FD60093ECA9 /* AppDelegate.swift in Sources */ = {isa = PBXBuildFile; fileRef = CDF8F98325BD0FD60093ECA9 /* AppDelegate.swift */; };
		CDF8F98625BD0FD60093ECA9 /* SceneDelegate.swift in Sources */ = {isa = PBXBuildFile; fileRef = CDF8F98525BD0FD60093ECA9 /* SceneDelegate.swift */; };
		CDF8F98D25BD0FD90093ECA9 /* Assets.xcassets in Resources */ = {isa = PBXBuildFile; fileRef = CDF8F98C25BD0FD90093ECA9 /* Assets.xcassets */; };
		CDF8F99025BD0FD90093ECA9 /* LaunchScreen.storyboard in Resources */ = {isa = PBXBuildFile; fileRef = CDF8F98E25BD0FD90093ECA9 /* LaunchScreen.storyboard */; };
		CDF8F99B25BD0FD90093ECA9 /* amplify_auth_getting_startedTests.swift in Sources */ = {isa = PBXBuildFile; fileRef = CDF8F99A25BD0FD90093ECA9 /* amplify_auth_getting_startedTests.swift */; };
		CDF8F9A625BD0FDA0093ECA9 /* amplify_auth_getting_startedUITests.swift in Sources */ = {isa = PBXBuildFile; fileRef = CDF8F9A525BD0FDA0093ECA9 /* amplify_auth_getting_startedUITests.swift */; };
		CEAB00804FB34D8DA9274FD0 /* amplifyconfiguration.json in Resources */ = {isa = PBXBuildFile; fileRef = 9468ED4B23B249E2BCDDFD80 /* amplifyconfiguration.json */; };
/* End PBXBuildFile section */

/* Begin PBXContainerItemProxy section */
		CDF8F99725BD0FD90093ECA9 /* PBXContainerItemProxy */ = {
			isa = PBXContainerItemProxy;
			containerPortal = CDF8F97825BD0FD60093ECA9 /* Project object */;
			proxyType = 1;
			remoteGlobalIDString = CDF8F97F25BD0FD60093ECA9;
			remoteInfo = "amplify-auth-getting-started";
		};
		CDF8F9A225BD0FDA0093ECA9 /* PBXContainerItemProxy */ = {
			isa = PBXContainerItemProxy;
			containerPortal = CDF8F97825BD0FD60093ECA9 /* Project object */;
			proxyType = 1;
			remoteGlobalIDString = CDF8F97F25BD0FD60093ECA9;
			remoteInfo = "amplify-auth-getting-started";
		};
/* End PBXContainerItemProxy section */

/* Begin PBXFileReference section */
		11619E23EDA92A888B298E5F /* Pods-amplify-auth-getting-startedTests.debug.xcconfig */ = {isa = PBXFileReference; includeInIndex = 1; lastKnownFileType = text.xcconfig; name = "Pods-amplify-auth-getting-startedTests.debug.xcconfig"; path = "Target Support Files/Pods-amplify-auth-getting-startedTests/Pods-amplify-auth-getting-startedTests.debug.xcconfig"; sourceTree = "<group>"; };
		143A4A6C5AE22EC8BC152D16 /* Pods-amplify-auth-getting-started-amplify-auth-getting-startedUITests.release.xcconfig */ = {isa = PBXFileReference; includeInIndex = 1; lastKnownFileType = text.xcconfig; name = "Pods-amplify-auth-getting-started-amplify-auth-getting-startedUITests.release.xcconfig"; path = "Target Support Files/Pods-amplify-auth-getting-started-amplify-auth-getting-startedUITests/Pods-amplify-auth-getting-started-amplify-auth-getting-startedUITests.release.xcconfig"; sourceTree = "<group>"; };
		43B59D4C94BE0115805F5D46 /* Pods-amplify-auth-getting-startedTests.release.xcconfig */ = {isa = PBXFileReference; includeInIndex = 1; lastKnownFileType = text.xcconfig; name = "Pods-amplify-auth-getting-startedTests.release.xcconfig"; path = "Target Support Files/Pods-amplify-auth-getting-startedTests/Pods-amplify-auth-getting-startedTests.release.xcconfig"; sourceTree = "<group>"; };
		5995DA83E036EB5B6CA6275F /* Pods-amplify-auth-getting-started.release.xcconfig */ = {isa = PBXFileReference; includeInIndex = 1; lastKnownFileType = text.xcconfig; name = "Pods-amplify-auth-getting-started.release.xcconfig"; path = "Target Support Files/Pods-amplify-auth-getting-started/Pods-amplify-auth-getting-started.release.xcconfig"; sourceTree = "<group>"; };
		6AFD5F55EF0F449DA0CD3AE3 /* amplifytools.xcconfig */ = {isa = PBXFileReference; explicitFileType = undefined; fileEncoding = 4; includeInIndex = 0; lastKnownFileType = text.xcconfig; path = amplifytools.xcconfig; sourceTree = "<group>"; };
		9468ED4B23B249E2BCDDFD80 /* amplifyconfiguration.json */ = {isa = PBXFileReference; explicitFileType = undefined; fileEncoding = 9; includeInIndex = 0; lastKnownFileType = unknown; path = amplifyconfiguration.json; sourceTree = "<group>"; };
		9CE0FE123D42234DDDD0D7D3 /* Pods-amplify-auth-getting-started-amplify-auth-getting-startedUITests.debug.xcconfig */ = {isa = PBXFileReference; includeInIndex = 1; lastKnownFileType = text.xcconfig; name = "Pods-amplify-auth-getting-started-amplify-auth-getting-startedUITests.debug.xcconfig"; path = "Target Support Files/Pods-amplify-auth-getting-started-amplify-auth-getting-startedUITests/Pods-amplify-auth-getting-started-amplify-auth-getting-startedUITests.debug.xcconfig"; sourceTree = "<group>"; };
		B3D4B0221CEED42F343B9627 /* Pods_amplify_auth_getting_started.framework */ = {isa = PBXFileReference; explicitFileType = wrapper.framework; includeInIndex = 0; path = Pods_amplify_auth_getting_started.framework; sourceTree = BUILT_PRODUCTS_DIR; };
		BEA3FDBA5E3717697DEDBAEA /* Pods_amplify_auth_getting_startedTests.framework */ = {isa = PBXFileReference; explicitFileType = wrapper.framework; includeInIndex = 0; path = Pods_amplify_auth_getting_startedTests.framework; sourceTree = BUILT_PRODUCTS_DIR; };
		CD0E32FF2B694E658183DD53 /* awsconfiguration.json */ = {isa = PBXFileReference; explicitFileType = undefined; fileEncoding = 9; includeInIndex = 0; lastKnownFileType = unknown; path = awsconfiguration.json; sourceTree = "<group>"; };
		CD52EFF525D8A70100FB7F0E /* BaseCoordinator.swift */ = {isa = PBXFileReference; lastKnownFileType = sourcecode.swift; path = BaseCoordinator.swift; sourceTree = "<group>"; };
		CD52EFFA25D8A71900FB7F0E /* Navigator.swift */ = {isa = PBXFileReference; lastKnownFileType = sourcecode.swift; path = Navigator.swift; sourceTree = "<group>"; };
		CD52F00625D8ABB000FB7F0E /* AppCoordinatorFactory.swift */ = {isa = PBXFileReference; lastKnownFileType = sourcecode.swift; path = AppCoordinatorFactory.swift; sourceTree = "<group>"; };
		CD52F00C25D8B21500FB7F0E /* MainCoordinator.swift */ = {isa = PBXFileReference; lastKnownFileType = sourcecode.swift; path = MainCoordinator.swift; sourceTree = "<group>"; };
		CD52F01425D8F06200FB7F0E /* HomeViewController.swift */ = {isa = PBXFileReference; lastKnownFileType = sourcecode.swift; path = HomeViewController.swift; sourceTree = "<group>"; };
		CD660E8525D4DB88009CC75C /* SignInViewController.swift */ = {isa = PBXFileReference; lastKnownFileType = sourcecode.swift; path = SignInViewController.swift; sourceTree = "<group>"; };
		CD660E8A25D4DB97009CC75C /* SignUpViewController.swift */ = {isa = PBXFileReference; lastKnownFileType = sourcecode.swift; path = SignUpViewController.swift; sourceTree = "<group>"; };
		CD660E9E25D4DD05009CC75C /* Coordinator.swift */ = {isa = PBXFileReference; lastKnownFileType = sourcecode.swift; path = Coordinator.swift; sourceTree = "<group>"; };
		CD660EA725D4DD51009CC75C /* AuthenticateViewControllerFactory.swift */ = {isa = PBXFileReference; lastKnownFileType = sourcecode.swift; path = AuthenticateViewControllerFactory.swift; sourceTree = "<group>"; };
		CD660EB025D4DF13009CC75C /* AuthenticateCoordinator.swift */ = {isa = PBXFileReference; lastKnownFileType = sourcecode.swift; path = AuthenticateCoordinator.swift; sourceTree = "<group>"; };
		CD83A9AB25D0BC8E00707059 /* ToggleView.swift */ = {isa = PBXFileReference; lastKnownFileType = sourcecode.swift; path = ToggleView.swift; sourceTree = "<group>"; };
		CD928EDD25CFD1330048CE99 /* LoginController.swift */ = {isa = PBXFileReference; fileEncoding = 4; lastKnownFileType = sourcecode.swift; path = LoginController.swift; sourceTree = "<group>"; };
		CD928EE225CFD1410048CE99 /* LoginView.swift */ = {isa = PBXFileReference; fileEncoding = 4; lastKnownFileType = sourcecode.swift; path = LoginView.swift; sourceTree = "<group>"; };
		CD928EE325CFD1410048CE99 /* TextField.swift */ = {isa = PBXFileReference; fileEncoding = 4; lastKnownFileType = sourcecode.swift; path = TextField.swift; sourceTree = "<group>"; };
		CD928EEA25CFD15A0048CE99 /* LoginModel.swift */ = {isa = PBXFileReference; fileEncoding = 4; lastKnownFileType = sourcecode.swift; path = LoginModel.swift; sourceTree = "<group>"; };
		CDDE7C7E25D8961400D365CA /* AppCoordinator.swift */ = {isa = PBXFileReference; lastKnownFileType = sourcecode.swift; path = AppCoordinator.swift; sourceTree = "<group>"; };
		CDDE7C8C25D8994A00D365CA /* AuthenticateViewModelFactory.swift */ = {isa = PBXFileReference; lastKnownFileType = sourcecode.swift; path = AuthenticateViewModelFactory.swift; sourceTree = "<group>"; };
		CDDE7C9525D89A7F00D365CA /* SignUpViewModel.swift */ = {isa = PBXFileReference; lastKnownFileType = sourcecode.swift; path = SignUpViewModel.swift; sourceTree = "<group>"; };
		CDDE7C9A25D89A9200D365CA /* SignInViewModel.swift */ = {isa = PBXFileReference; lastKnownFileType = sourcecode.swift; path = SignInViewModel.swift; sourceTree = "<group>"; };
		CDDE7CA225D89EA900D365CA /* SignUpConfirmationViewController.swift */ = {isa = PBXFileReference; lastKnownFileType = sourcecode.swift; path = SignUpConfirmationViewController.swift; sourceTree = "<group>"; };
		CDDE7CAD25D89F1100D365CA /* SignUpConfirmationViewModel.swift */ = {isa = PBXFileReference; lastKnownFileType = sourcecode.swift; path = SignUpConfirmationViewModel.swift; sourceTree = "<group>"; };
		CDF8F98025BD0FD60093ECA9 /* amplify-auth-getting-started.app */ = {isa = PBXFileReference; explicitFileType = wrapper.application; includeInIndex = 0; path = "amplify-auth-getting-started.app"; sourceTree = BUILT_PRODUCTS_DIR; };
		CDF8F98325BD0FD60093ECA9 /* AppDelegate.swift */ = {isa = PBXFileReference; lastKnownFileType = sourcecode.swift; path = AppDelegate.swift; sourceTree = "<group>"; };
		CDF8F98525BD0FD60093ECA9 /* SceneDelegate.swift */ = {isa = PBXFileReference; lastKnownFileType = sourcecode.swift; path = SceneDelegate.swift; sourceTree = "<group>"; };
		CDF8F98C25BD0FD90093ECA9 /* Assets.xcassets */ = {isa = PBXFileReference; lastKnownFileType = folder.assetcatalog; path = Assets.xcassets; sourceTree = "<group>"; };
		CDF8F98F25BD0FD90093ECA9 /* Base */ = {isa = PBXFileReference; lastKnownFileType = file.storyboard; name = Base; path = Base.lproj/LaunchScreen.storyboard; sourceTree = "<group>"; };
		CDF8F99125BD0FD90093ECA9 /* Info.plist */ = {isa = PBXFileReference; lastKnownFileType = text.plist.xml; path = Info.plist; sourceTree = "<group>"; };
		CDF8F99625BD0FD90093ECA9 /* amplify-auth-getting-startedTests.xctest */ = {isa = PBXFileReference; explicitFileType = wrapper.cfbundle; includeInIndex = 0; path = "amplify-auth-getting-startedTests.xctest"; sourceTree = BUILT_PRODUCTS_DIR; };
		CDF8F99A25BD0FD90093ECA9 /* amplify_auth_getting_startedTests.swift */ = {isa = PBXFileReference; lastKnownFileType = sourcecode.swift; path = amplify_auth_getting_startedTests.swift; sourceTree = "<group>"; };
		CDF8F99C25BD0FD90093ECA9 /* Info.plist */ = {isa = PBXFileReference; lastKnownFileType = text.plist.xml; path = Info.plist; sourceTree = "<group>"; };
		CDF8F9A125BD0FDA0093ECA9 /* amplify-auth-getting-startedUITests.xctest */ = {isa = PBXFileReference; explicitFileType = wrapper.cfbundle; includeInIndex = 0; path = "amplify-auth-getting-startedUITests.xctest"; sourceTree = BUILT_PRODUCTS_DIR; };
		CDF8F9A525BD0FDA0093ECA9 /* amplify_auth_getting_startedUITests.swift */ = {isa = PBXFileReference; lastKnownFileType = sourcecode.swift; path = amplify_auth_getting_startedUITests.swift; sourceTree = "<group>"; };
		CDF8F9A725BD0FDA0093ECA9 /* Info.plist */ = {isa = PBXFileReference; lastKnownFileType = text.plist.xml; path = Info.plist; sourceTree = "<group>"; };
		E34A60559C44BC98452A6A84 /* Pods_amplify_auth_getting_started_amplify_auth_getting_startedUITests.framework */ = {isa = PBXFileReference; explicitFileType = wrapper.framework; includeInIndex = 0; path = Pods_amplify_auth_getting_started_amplify_auth_getting_startedUITests.framework; sourceTree = BUILT_PRODUCTS_DIR; };
		F8D4AE2FD0B2532E2BF72F76 /* Pods-amplify-auth-getting-started.debug.xcconfig */ = {isa = PBXFileReference; includeInIndex = 1; lastKnownFileType = text.xcconfig; name = "Pods-amplify-auth-getting-started.debug.xcconfig"; path = "Target Support Files/Pods-amplify-auth-getting-started/Pods-amplify-auth-getting-started.debug.xcconfig"; sourceTree = "<group>"; };
/* End PBXFileReference section */

/* Begin PBXFrameworksBuildPhase section */
		CDF8F97D25BD0FD60093ECA9 /* Frameworks */ = {
			isa = PBXFrameworksBuildPhase;
			buildActionMask = 2147483647;
			files = (
				CD928EFE25CFD6EF0048CE99 /* UtilityKit in Frameworks */,
				A368BF6AF5D77010956D9DEE /* Pods_amplify_auth_getting_started.framework in Frameworks */,
			);
			runOnlyForDeploymentPostprocessing = 0;
		};
		CDF8F99325BD0FD90093ECA9 /* Frameworks */ = {
			isa = PBXFrameworksBuildPhase;
			buildActionMask = 2147483647;
			files = (
				6C2DB1A162859D96E00F32B1 /* Pods_amplify_auth_getting_startedTests.framework in Frameworks */,
			);
			runOnlyForDeploymentPostprocessing = 0;
		};
		CDF8F99E25BD0FDA0093ECA9 /* Frameworks */ = {
			isa = PBXFrameworksBuildPhase;
			buildActionMask = 2147483647;
			files = (
				252AC15B0883EC06A70E880E /* Pods_amplify_auth_getting_started_amplify_auth_getting_startedUITests.framework in Frameworks */,
			);
			runOnlyForDeploymentPostprocessing = 0;
		};
/* End PBXFrameworksBuildPhase section */

/* Begin PBXGroup section */
		CD52F00525D8AB9700FB7F0E /* Factory */ = {
			isa = PBXGroup;
			children = (
				CD52F00625D8ABB000FB7F0E /* AppCoordinatorFactory.swift */,
			);
			path = Factory;
			sourceTree = "<group>";
		};
		CD52F00B25D8B20300FB7F0E /* Main */ = {
			isa = PBXGroup;
			children = (
				CD52F00C25D8B21500FB7F0E /* MainCoordinator.swift */,
				CD52F01425D8F06200FB7F0E /* HomeViewController.swift */,
			);
			path = Main;
			sourceTree = "<group>";
		};
		CD660E6E25D4DA8C009CC75C /* ViewControllers */ = {
			isa = PBXGroup;
			children = (
				CD660E8525D4DB88009CC75C /* SignInViewController.swift */,
				CD660E8A25D4DB97009CC75C /* SignUpViewController.swift */,
				CDDE7CA225D89EA900D365CA /* SignUpConfirmationViewController.swift */,
			);
			path = ViewControllers;
			sourceTree = "<group>";
		};
		CD928EB225CFCF9A0048CE99 /* login */ = {
			isa = PBXGroup;
			children = (
				CD928ED425CFD0690048CE99 /* views */,
				CD928ED325CFD0650048CE99 /* models */,
				CD928EC925CFD04D0048CE99 /* controllers */,
			);
			path = login;
			sourceTree = "<group>";
		};
		CD928EC925CFD04D0048CE99 /* controllers */ = {
			isa = PBXGroup;
			children = (
				CD928EDD25CFD1330048CE99 /* LoginController.swift */,
			);
			path = controllers;
			sourceTree = "<group>";
		};
		CD928ED325CFD0650048CE99 /* models */ = {
			isa = PBXGroup;
			children = (
				CD928EEA25CFD15A0048CE99 /* LoginModel.swift */,
			);
			path = models;
			sourceTree = "<group>";
		};
		CD928ED425CFD0690048CE99 /* views */ = {
			isa = PBXGroup;
			children = (
				CD928EE225CFD1410048CE99 /* LoginView.swift */,
				CD928EE325CFD1410048CE99 /* TextField.swift */,
				CD83A9AB25D0BC8E00707059 /* ToggleView.swift */,
			);
			path = views;
			sourceTree = "<group>";
		};
		CD928EF025CFD1CD0048CE99 /* Authenticate */ = {
			isa = PBXGroup;
			children = (
				CD660EB025D4DF13009CC75C /* AuthenticateCoordinator.swift */,
				CDDE7C7425D8957100D365CA /* Factory */,
				CDDE7C9425D89A5B00D365CA /* ViewModels */,
				CD660E6E25D4DA8C009CC75C /* ViewControllers */,
			);
			path = Authenticate;
			sourceTree = "<group>";
		};
		CD928EF625CFD4560048CE99 /* App */ = {
			isa = PBXGroup;
			children = (
				CD52F00525D8AB9700FB7F0E /* Factory */,
				CDF8F98325BD0FD60093ECA9 /* AppDelegate.swift */,
				CDF8F98525BD0FD60093ECA9 /* SceneDelegate.swift */,
				CDDE7C7E25D8961400D365CA /* AppCoordinator.swift */,
			);
			path = App;
			sourceTree = "<group>";
		};
		CDDE7C7425D8957100D365CA /* Factory */ = {
			isa = PBXGroup;
			children = (
				CD660EA725D4DD51009CC75C /* AuthenticateViewControllerFactory.swift */,
				CDDE7C8C25D8994A00D365CA /* AuthenticateViewModelFactory.swift */,
			);
			path = Factory;
			sourceTree = "<group>";
		};
		CDDE7C9425D89A5B00D365CA /* ViewModels */ = {
			isa = PBXGroup;
			children = (
				CDDE7C9525D89A7F00D365CA /* SignUpViewModel.swift */,
				CDDE7C9A25D89A9200D365CA /* SignInViewModel.swift */,
				CDDE7CAD25D89F1100D365CA /* SignUpConfirmationViewModel.swift */,
			);
			path = ViewModels;
			sourceTree = "<group>";
		};
		CDF8F97725BD0FD60093ECA9 = {
			isa = PBXGroup;
			children = (
				D3F2B4A70248459DAA2FAE19 /* AmplifyConfig */,
				CDF8F98225BD0FD60093ECA9 /* amplify-auth-getting-started */,
				CDF8F99925BD0FD90093ECA9 /* amplify-auth-getting-startedTests */,
				CDF8F9A425BD0FDA0093ECA9 /* amplify-auth-getting-startedUITests */,
				CDF8F98125BD0FD60093ECA9 /* Products */,
				D5A93162CA1C3D1FD513BFE7 /* Pods */,
				D2FD5A272B462666B364D492 /* Frameworks */,
			);
			sourceTree = "<group>";
		};
		CDF8F98125BD0FD60093ECA9 /* Products */ = {
			isa = PBXGroup;
			children = (
				CDF8F98025BD0FD60093ECA9 /* amplify-auth-getting-started.app */,
				CDF8F99625BD0FD90093ECA9 /* amplify-auth-getting-startedTests.xctest */,
				CDF8F9A125BD0FDA0093ECA9 /* amplify-auth-getting-startedUITests.xctest */,
			);
			name = Products;
			sourceTree = "<group>";
		};
		CDF8F98225BD0FD60093ECA9 /* amplify-auth-getting-started */ = {
			isa = PBXGroup;
			children = (
				CD52EFFA25D8A71900FB7F0E /* Navigator.swift */,
				CD660E9E25D4DD05009CC75C /* Coordinator.swift */,
				CD52EFF525D8A70100FB7F0E /* BaseCoordinator.swift */,
				CD928EF625CFD4560048CE99 /* App */,
				CD928EF025CFD1CD0048CE99 /* Authenticate */,
				CD52F00B25D8B20300FB7F0E /* Main */,
				CD928EB225CFCF9A0048CE99 /* login */,
				CDF8F98C25BD0FD90093ECA9 /* Assets.xcassets */,
				CDF8F98E25BD0FD90093ECA9 /* LaunchScreen.storyboard */,
				CDF8F99125BD0FD90093ECA9 /* Info.plist */,
			);
			path = "amplify-auth-getting-started";
			sourceTree = "<group>";
		};
		CDF8F99925BD0FD90093ECA9 /* amplify-auth-getting-startedTests */ = {
			isa = PBXGroup;
			children = (
				CDF8F99A25BD0FD90093ECA9 /* amplify_auth_getting_startedTests.swift */,
				CDF8F99C25BD0FD90093ECA9 /* Info.plist */,
			);
			path = "amplify-auth-getting-startedTests";
			sourceTree = "<group>";
		};
		CDF8F9A425BD0FDA0093ECA9 /* amplify-auth-getting-startedUITests */ = {
			isa = PBXGroup;
			children = (
				CDF8F9A525BD0FDA0093ECA9 /* amplify_auth_getting_startedUITests.swift */,
				CDF8F9A725BD0FDA0093ECA9 /* Info.plist */,
			);
			path = "amplify-auth-getting-startedUITests";
			sourceTree = "<group>";
		};
		D2FD5A272B462666B364D492 /* Frameworks */ = {
			isa = PBXGroup;
			children = (
				B3D4B0221CEED42F343B9627 /* Pods_amplify_auth_getting_started.framework */,
				E34A60559C44BC98452A6A84 /* Pods_amplify_auth_getting_started_amplify_auth_getting_startedUITests.framework */,
				BEA3FDBA5E3717697DEDBAEA /* Pods_amplify_auth_getting_startedTests.framework */,
			);
			name = Frameworks;
			sourceTree = "<group>";
		};
		D3F2B4A70248459DAA2FAE19 /* AmplifyConfig */ = {
			isa = PBXGroup;
			children = (
				6AFD5F55EF0F449DA0CD3AE3 /* amplifytools.xcconfig */,
				9468ED4B23B249E2BCDDFD80 /* amplifyconfiguration.json */,
				CD0E32FF2B694E658183DD53 /* awsconfiguration.json */,
			);
			name = AmplifyConfig;
			path = .;
			sourceTree = "<group>";
		};
		D5A93162CA1C3D1FD513BFE7 /* Pods */ = {
			isa = PBXGroup;
			children = (
				F8D4AE2FD0B2532E2BF72F76 /* Pods-amplify-auth-getting-started.debug.xcconfig */,
				5995DA83E036EB5B6CA6275F /* Pods-amplify-auth-getting-started.release.xcconfig */,
				9CE0FE123D42234DDDD0D7D3 /* Pods-amplify-auth-getting-started-amplify-auth-getting-startedUITests.debug.xcconfig */,
				143A4A6C5AE22EC8BC152D16 /* Pods-amplify-auth-getting-started-amplify-auth-getting-startedUITests.release.xcconfig */,
				11619E23EDA92A888B298E5F /* Pods-amplify-auth-getting-startedTests.debug.xcconfig */,
				43B59D4C94BE0115805F5D46 /* Pods-amplify-auth-getting-startedTests.release.xcconfig */,
			);
			path = Pods;
			sourceTree = "<group>";
		};
/* End PBXGroup section */

/* Begin PBXNativeTarget section */
		CDF8F97F25BD0FD60093ECA9 /* amplify-auth-getting-started */ = {
			isa = PBXNativeTarget;
			buildConfigurationList = CDF8F9AA25BD0FDA0093ECA9 /* Build configuration list for PBXNativeTarget "amplify-auth-getting-started" */;
			buildPhases = (
				F82C9E9745B1D1DDE1098693 /* [CP] Check Pods Manifest.lock */,
				CDF8F97C25BD0FD60093ECA9 /* Sources */,
				CDF8F97D25BD0FD60093ECA9 /* Frameworks */,
				CDF8F97E25BD0FD60093ECA9 /* Resources */,
				3972379C526003187270D60F /* [CP] Embed Pods Frameworks */,
			);
			buildRules = (
			);
			dependencies = (
			);
			name = "amplify-auth-getting-started";
			packageProductDependencies = (
				CD928EFD25CFD6EF0048CE99 /* UtilityKit */,
			);
			productName = "amplify-auth-getting-started";
			productReference = CDF8F98025BD0FD60093ECA9 /* amplify-auth-getting-started.app */;
			productType = "com.apple.product-type.application";
		};
		CDF8F99525BD0FD90093ECA9 /* amplify-auth-getting-startedTests */ = {
			isa = PBXNativeTarget;
			buildConfigurationList = CDF8F9AD25BD0FDA0093ECA9 /* Build configuration list for PBXNativeTarget "amplify-auth-getting-startedTests" */;
			buildPhases = (
				CEEDD7026DDD0D177BBE178E /* [CP] Check Pods Manifest.lock */,
				CDF8F99225BD0FD90093ECA9 /* Sources */,
				CDF8F99325BD0FD90093ECA9 /* Frameworks */,
				CDF8F99425BD0FD90093ECA9 /* Resources */,
			);
			buildRules = (
			);
			dependencies = (
				CDF8F99825BD0FD90093ECA9 /* PBXTargetDependency */,
			);
			name = "amplify-auth-getting-startedTests";
			productName = "amplify-auth-getting-startedTests";
			productReference = CDF8F99625BD0FD90093ECA9 /* amplify-auth-getting-startedTests.xctest */;
			productType = "com.apple.product-type.bundle.unit-test";
		};
		CDF8F9A025BD0FDA0093ECA9 /* amplify-auth-getting-startedUITests */ = {
			isa = PBXNativeTarget;
			buildConfigurationList = CDF8F9B025BD0FDA0093ECA9 /* Build configuration list for PBXNativeTarget "amplify-auth-getting-startedUITests" */;
			buildPhases = (
				DB3054209074BC522A705CBF /* [CP] Check Pods Manifest.lock */,
				CDF8F99D25BD0FDA0093ECA9 /* Sources */,
				CDF8F99E25BD0FDA0093ECA9 /* Frameworks */,
				CDF8F99F25BD0FDA0093ECA9 /* Resources */,
				DB948B4B386C2C8D3A9E1535 /* [CP] Embed Pods Frameworks */,
			);
			buildRules = (
			);
			dependencies = (
				CDF8F9A325BD0FDA0093ECA9 /* PBXTargetDependency */,
			);
			name = "amplify-auth-getting-startedUITests";
			productName = "amplify-auth-getting-startedUITests";
			productReference = CDF8F9A125BD0FDA0093ECA9 /* amplify-auth-getting-startedUITests.xctest */;
			productType = "com.apple.product-type.bundle.ui-testing";
		};
/* End PBXNativeTarget section */

/* Begin PBXProject section */
		CDF8F97825BD0FD60093ECA9 /* Project object */ = {
			isa = PBXProject;
			attributes = {
				LastSwiftUpdateCheck = 1230;
				LastUpgradeCheck = 1230;
				TargetAttributes = {
					CDF8F97F25BD0FD60093ECA9 = {
						CreatedOnToolsVersion = 12.3;
					};
					CDF8F99525BD0FD90093ECA9 = {
						CreatedOnToolsVersion = 12.3;
						TestTargetID = CDF8F97F25BD0FD60093ECA9;
					};
					CDF8F9A025BD0FDA0093ECA9 = {
						CreatedOnToolsVersion = 12.3;
						TestTargetID = CDF8F97F25BD0FD60093ECA9;
					};
				};
			};
			buildConfigurationList = CDF8F97B25BD0FD60093ECA9 /* Build configuration list for PBXProject "amplify-auth-getting-started" */;
			compatibilityVersion = "Xcode 9.3";
			developmentRegion = en;
			hasScannedForEncodings = 0;
			knownRegions = (
				en,
				Base,
			);
			mainGroup = CDF8F97725BD0FD60093ECA9;
			packageReferences = (
				CD928EFC25CFD6EF0048CE99 /* XCRemoteSwiftPackageReference "UtilityKit" */,
			);
			productRefGroup = CDF8F98125BD0FD60093ECA9 /* Products */;
			projectDirPath = "";
			projectRoot = "";
			targets = (
				CDF8F97F25BD0FD60093ECA9 /* amplify-auth-getting-started */,
				CDF8F99525BD0FD90093ECA9 /* amplify-auth-getting-startedTests */,
				CDF8F9A025BD0FDA0093ECA9 /* amplify-auth-getting-startedUITests */,
			);
		};
/* End PBXProject section */

/* Begin PBXResourcesBuildPhase section */
		CDF8F97E25BD0FD60093ECA9 /* Resources */ = {
			isa = PBXResourcesBuildPhase;
			buildActionMask = 2147483647;
			files = (
				CDF8F99025BD0FD90093ECA9 /* LaunchScreen.storyboard in Resources */,
				CDF8F98D25BD0FD90093ECA9 /* Assets.xcassets in Resources */,
				CEAB00804FB34D8DA9274FD0 /* amplifyconfiguration.json in Resources */,
				7F5506EDF65242A3B188C30C /* awsconfiguration.json in Resources */,
			);
			runOnlyForDeploymentPostprocessing = 0;
		};
		CDF8F99425BD0FD90093ECA9 /* Resources */ = {
			isa = PBXResourcesBuildPhase;
			buildActionMask = 2147483647;
			files = (
			);
			runOnlyForDeploymentPostprocessing = 0;
		};
		CDF8F99F25BD0FDA0093ECA9 /* Resources */ = {
			isa = PBXResourcesBuildPhase;
			buildActionMask = 2147483647;
			files = (
			);
			runOnlyForDeploymentPostprocessing = 0;
		};
/* End PBXResourcesBuildPhase section */

/* Begin PBXShellScriptBuildPhase section */
		3972379C526003187270D60F /* [CP] Embed Pods Frameworks */ = {
			isa = PBXShellScriptBuildPhase;
			buildActionMask = 2147483647;
			files = (
			);
			inputFileListPaths = (
				"${PODS_ROOT}/Target Support Files/Pods-amplify-auth-getting-started/Pods-amplify-auth-getting-started-frameworks-${CONFIGURATION}-input-files.xcfilelist",
			);
			name = "[CP] Embed Pods Frameworks";
			outputFileListPaths = (
				"${PODS_ROOT}/Target Support Files/Pods-amplify-auth-getting-started/Pods-amplify-auth-getting-started-frameworks-${CONFIGURATION}-output-files.xcfilelist",
			);
			runOnlyForDeploymentPostprocessing = 0;
			shellPath = /bin/sh;
			shellScript = "\"${PODS_ROOT}/Target Support Files/Pods-amplify-auth-getting-started/Pods-amplify-auth-getting-started-frameworks.sh\"\n";
			showEnvVarsInLog = 0;
		};
		CEEDD7026DDD0D177BBE178E /* [CP] Check Pods Manifest.lock */ = {
			isa = PBXShellScriptBuildPhase;
			buildActionMask = 2147483647;
			files = (
			);
			inputFileListPaths = (
			);
			inputPaths = (
				"${PODS_PODFILE_DIR_PATH}/Podfile.lock",
				"${PODS_ROOT}/Manifest.lock",
			);
			name = "[CP] Check Pods Manifest.lock";
			outputFileListPaths = (
			);
			outputPaths = (
				"$(DERIVED_FILE_DIR)/Pods-amplify-auth-getting-startedTests-checkManifestLockResult.txt",
			);
			runOnlyForDeploymentPostprocessing = 0;
			shellPath = /bin/sh;
			shellScript = "diff \"${PODS_PODFILE_DIR_PATH}/Podfile.lock\" \"${PODS_ROOT}/Manifest.lock\" > /dev/null\nif [ $? != 0 ] ; then\n    # print error to STDERR\n    echo \"error: The sandbox is not in sync with the Podfile.lock. Run 'pod install' or update your CocoaPods installation.\" >&2\n    exit 1\nfi\n# This output is used by Xcode 'outputs' to avoid re-running this script phase.\necho \"SUCCESS\" > \"${SCRIPT_OUTPUT_FILE_0}\"\n";
			showEnvVarsInLog = 0;
		};
		DB3054209074BC522A705CBF /* [CP] Check Pods Manifest.lock */ = {
			isa = PBXShellScriptBuildPhase;
			buildActionMask = 2147483647;
			files = (
			);
			inputFileListPaths = (
			);
			inputPaths = (
				"${PODS_PODFILE_DIR_PATH}/Podfile.lock",
				"${PODS_ROOT}/Manifest.lock",
			);
			name = "[CP] Check Pods Manifest.lock";
			outputFileListPaths = (
			);
			outputPaths = (
				"$(DERIVED_FILE_DIR)/Pods-amplify-auth-getting-started-amplify-auth-getting-startedUITests-checkManifestLockResult.txt",
			);
			runOnlyForDeploymentPostprocessing = 0;
			shellPath = /bin/sh;
			shellScript = "diff \"${PODS_PODFILE_DIR_PATH}/Podfile.lock\" \"${PODS_ROOT}/Manifest.lock\" > /dev/null\nif [ $? != 0 ] ; then\n    # print error to STDERR\n    echo \"error: The sandbox is not in sync with the Podfile.lock. Run 'pod install' or update your CocoaPods installation.\" >&2\n    exit 1\nfi\n# This output is used by Xcode 'outputs' to avoid re-running this script phase.\necho \"SUCCESS\" > \"${SCRIPT_OUTPUT_FILE_0}\"\n";
			showEnvVarsInLog = 0;
		};
		DB948B4B386C2C8D3A9E1535 /* [CP] Embed Pods Frameworks */ = {
			isa = PBXShellScriptBuildPhase;
			buildActionMask = 2147483647;
			files = (
			);
			inputFileListPaths = (
				"${PODS_ROOT}/Target Support Files/Pods-amplify-auth-getting-started-amplify-auth-getting-startedUITests/Pods-amplify-auth-getting-started-amplify-auth-getting-startedUITests-frameworks-${CONFIGURATION}-input-files.xcfilelist",
			);
			name = "[CP] Embed Pods Frameworks";
			outputFileListPaths = (
				"${PODS_ROOT}/Target Support Files/Pods-amplify-auth-getting-started-amplify-auth-getting-startedUITests/Pods-amplify-auth-getting-started-amplify-auth-getting-startedUITests-frameworks-${CONFIGURATION}-output-files.xcfilelist",
			);
			runOnlyForDeploymentPostprocessing = 0;
			shellPath = /bin/sh;
			shellScript = "\"${PODS_ROOT}/Target Support Files/Pods-amplify-auth-getting-started-amplify-auth-getting-startedUITests/Pods-amplify-auth-getting-started-amplify-auth-getting-startedUITests-frameworks.sh\"\n";
			showEnvVarsInLog = 0;
		};
		F82C9E9745B1D1DDE1098693 /* [CP] Check Pods Manifest.lock */ = {
			isa = PBXShellScriptBuildPhase;
			buildActionMask = 2147483647;
			files = (
			);
			inputFileListPaths = (
			);
			inputPaths = (
				"${PODS_PODFILE_DIR_PATH}/Podfile.lock",
				"${PODS_ROOT}/Manifest.lock",
			);
			name = "[CP] Check Pods Manifest.lock";
			outputFileListPaths = (
			);
			outputPaths = (
				"$(DERIVED_FILE_DIR)/Pods-amplify-auth-getting-started-checkManifestLockResult.txt",
			);
			runOnlyForDeploymentPostprocessing = 0;
			shellPath = /bin/sh;
			shellScript = "diff \"${PODS_PODFILE_DIR_PATH}/Podfile.lock\" \"${PODS_ROOT}/Manifest.lock\" > /dev/null\nif [ $? != 0 ] ; then\n    # print error to STDERR\n    echo \"error: The sandbox is not in sync with the Podfile.lock. Run 'pod install' or update your CocoaPods installation.\" >&2\n    exit 1\nfi\n# This output is used by Xcode 'outputs' to avoid re-running this script phase.\necho \"SUCCESS\" > \"${SCRIPT_OUTPUT_FILE_0}\"\n";
			showEnvVarsInLog = 0;
		};
/* End PBXShellScriptBuildPhase section */

/* Begin PBXSourcesBuildPhase section */
		CDF8F97C25BD0FD60093ECA9 /* Sources */ = {
			isa = PBXSourcesBuildPhase;
			buildActionMask = 2147483647;
			files = (
				CD660E9F25D4DD05009CC75C /* Coordinator.swift in Sources */,
				CD928EDE25CFD1330048CE99 /* LoginController.swift in Sources */,
				CDDE7C9B25D89A9200D365CA /* SignInViewModel.swift in Sources */,
				CD52EFFB25D8A71900FB7F0E /* Navigator.swift in Sources */,
				CD660EB125D4DF13009CC75C /* AuthenticateCoordinator.swift in Sources */,
				CDDE7C9625D89A7F00D365CA /* SignUpViewModel.swift in Sources */,
				CDDE7C7F25D8961400D365CA /* AppCoordinator.swift in Sources */,
				CDDE7CA325D89EA900D365CA /* SignUpConfirmationViewController.swift in Sources */,
				CDF8F98425BD0FD60093ECA9 /* AppDelegate.swift in Sources */,
				CD52EFF625D8A70100FB7F0E /* BaseCoordinator.swift in Sources */,
				CD52F01525D8F06300FB7F0E /* HomeViewController.swift in Sources */,
				CD660E8625D4DB88009CC75C /* SignInViewController.swift in Sources */,
				CDDE7CAE25D89F1100D365CA /* SignUpConfirmationViewModel.swift in Sources */,
				CD52F00D25D8B21500FB7F0E /* MainCoordinator.swift in Sources */,
				CD928EE525CFD1410048CE99 /* TextField.swift in Sources */,
				CD928EE425CFD1410048CE99 /* LoginView.swift in Sources */,
				CD928EEC25CFD15A0048CE99 /* LoginModel.swift in Sources */,
				CD660E8B25D4DB97009CC75C /* SignUpViewController.swift in Sources */,
				CD660EA825D4DD51009CC75C /* AuthenticateViewControllerFactory.swift in Sources */,
				CD52F00725D8ABB000FB7F0E /* AppCoordinatorFactory.swift in Sources */,
				CDF8F98625BD0FD60093ECA9 /* SceneDelegate.swift in Sources */,
				CD83A9AC25D0BC8F00707059 /* ToggleView.swift in Sources */,
				CDDE7C8D25D8994A00D365CA /* AuthenticateViewModelFactory.swift in Sources */,
			);
			runOnlyForDeploymentPostprocessing = 0;
		};
		CDF8F99225BD0FD90093ECA9 /* Sources */ = {
			isa = PBXSourcesBuildPhase;
			buildActionMask = 2147483647;
			files = (
				CDF8F99B25BD0FD90093ECA9 /* amplify_auth_getting_startedTests.swift in Sources */,
			);
			runOnlyForDeploymentPostprocessing = 0;
		};
		CDF8F99D25BD0FDA0093ECA9 /* Sources */ = {
			isa = PBXSourcesBuildPhase;
			buildActionMask = 2147483647;
			files = (
				CDF8F9A625BD0FDA0093ECA9 /* amplify_auth_getting_startedUITests.swift in Sources */,
			);
			runOnlyForDeploymentPostprocessing = 0;
		};
/* End PBXSourcesBuildPhase section */

/* Begin PBXTargetDependency section */
		CDF8F99825BD0FD90093ECA9 /* PBXTargetDependency */ = {
			isa = PBXTargetDependency;
			target = CDF8F97F25BD0FD60093ECA9 /* amplify-auth-getting-started */;
			targetProxy = CDF8F99725BD0FD90093ECA9 /* PBXContainerItemProxy */;
		};
		CDF8F9A325BD0FDA0093ECA9 /* PBXTargetDependency */ = {
			isa = PBXTargetDependency;
			target = CDF8F97F25BD0FD60093ECA9 /* amplify-auth-getting-started */;
			targetProxy = CDF8F9A225BD0FDA0093ECA9 /* PBXContainerItemProxy */;
		};
/* End PBXTargetDependency section */

/* Begin PBXVariantGroup section */
		CDF8F98E25BD0FD90093ECA9 /* LaunchScreen.storyboard */ = {
			isa = PBXVariantGroup;
			children = (
				CDF8F98F25BD0FD90093ECA9 /* Base */,
			);
			name = LaunchScreen.storyboard;
			sourceTree = "<group>";
		};
/* End PBXVariantGroup section */

/* Begin XCBuildConfiguration section */
		CDF8F9A825BD0FDA0093ECA9 /* Debug */ = {
			isa = XCBuildConfiguration;
			buildSettings = {
				ALWAYS_SEARCH_USER_PATHS = NO;
				CLANG_ANALYZER_NONNULL = YES;
				CLANG_ANALYZER_NUMBER_OBJECT_CONVERSION = YES_AGGRESSIVE;
				CLANG_CXX_LANGUAGE_STANDARD = "gnu++14";
				CLANG_CXX_LIBRARY = "libc++";
				CLANG_ENABLE_MODULES = YES;
				CLANG_ENABLE_OBJC_ARC = YES;
				CLANG_ENABLE_OBJC_WEAK = YES;
				CLANG_WARN_BLOCK_CAPTURE_AUTORELEASING = YES;
				CLANG_WARN_BOOL_CONVERSION = YES;
				CLANG_WARN_COMMA = YES;
				CLANG_WARN_CONSTANT_CONVERSION = YES;
				CLANG_WARN_DEPRECATED_OBJC_IMPLEMENTATIONS = YES;
				CLANG_WARN_DIRECT_OBJC_ISA_USAGE = YES_ERROR;
				CLANG_WARN_DOCUMENTATION_COMMENTS = YES;
				CLANG_WARN_EMPTY_BODY = YES;
				CLANG_WARN_ENUM_CONVERSION = YES;
				CLANG_WARN_INFINITE_RECURSION = YES;
				CLANG_WARN_INT_CONVERSION = YES;
				CLANG_WARN_NON_LITERAL_NULL_CONVERSION = YES;
				CLANG_WARN_OBJC_IMPLICIT_RETAIN_SELF = YES;
				CLANG_WARN_OBJC_LITERAL_CONVERSION = YES;
				CLANG_WARN_OBJC_ROOT_CLASS = YES_ERROR;
				CLANG_WARN_QUOTED_INCLUDE_IN_FRAMEWORK_HEADER = YES;
				CLANG_WARN_RANGE_LOOP_ANALYSIS = YES;
				CLANG_WARN_STRICT_PROTOTYPES = YES;
				CLANG_WARN_SUSPICIOUS_MOVE = YES;
				CLANG_WARN_UNGUARDED_AVAILABILITY = YES_AGGRESSIVE;
				CLANG_WARN_UNREACHABLE_CODE = YES;
				CLANG_WARN__DUPLICATE_METHOD_MATCH = YES;
				COPY_PHASE_STRIP = NO;
				DEBUG_INFORMATION_FORMAT = dwarf;
				ENABLE_STRICT_OBJC_MSGSEND = YES;
				ENABLE_TESTABILITY = YES;
				GCC_C_LANGUAGE_STANDARD = gnu11;
				GCC_DYNAMIC_NO_PIC = NO;
				GCC_NO_COMMON_BLOCKS = YES;
				GCC_OPTIMIZATION_LEVEL = 0;
				GCC_PREPROCESSOR_DEFINITIONS = (
					"DEBUG=1",
					"$(inherited)",
				);
				GCC_WARN_64_TO_32_BIT_CONVERSION = YES;
				GCC_WARN_ABOUT_RETURN_TYPE = YES_ERROR;
				GCC_WARN_UNDECLARED_SELECTOR = YES;
				GCC_WARN_UNINITIALIZED_AUTOS = YES_AGGRESSIVE;
				GCC_WARN_UNUSED_FUNCTION = YES;
				GCC_WARN_UNUSED_VARIABLE = YES;
				IPHONEOS_DEPLOYMENT_TARGET = 14.1;
				MTL_ENABLE_DEBUG_INFO = INCLUDE_SOURCE;
				MTL_FAST_MATH = YES;
				ONLY_ACTIVE_ARCH = YES;
				SDKROOT = iphoneos;
				SWIFT_ACTIVE_COMPILATION_CONDITIONS = DEBUG;
				SWIFT_OPTIMIZATION_LEVEL = "-Onone";
			};
			name = Debug;
		};
		CDF8F9A925BD0FDA0093ECA9 /* Release */ = {
			isa = XCBuildConfiguration;
			buildSettings = {
				ALWAYS_SEARCH_USER_PATHS = NO;
				CLANG_ANALYZER_NONNULL = YES;
				CLANG_ANALYZER_NUMBER_OBJECT_CONVERSION = YES_AGGRESSIVE;
				CLANG_CXX_LANGUAGE_STANDARD = "gnu++14";
				CLANG_CXX_LIBRARY = "libc++";
				CLANG_ENABLE_MODULES = YES;
				CLANG_ENABLE_OBJC_ARC = YES;
				CLANG_ENABLE_OBJC_WEAK = YES;
				CLANG_WARN_BLOCK_CAPTURE_AUTORELEASING = YES;
				CLANG_WARN_BOOL_CONVERSION = YES;
				CLANG_WARN_COMMA = YES;
				CLANG_WARN_CONSTANT_CONVERSION = YES;
				CLANG_WARN_DEPRECATED_OBJC_IMPLEMENTATIONS = YES;
				CLANG_WARN_DIRECT_OBJC_ISA_USAGE = YES_ERROR;
				CLANG_WARN_DOCUMENTATION_COMMENTS = YES;
				CLANG_WARN_EMPTY_BODY = YES;
				CLANG_WARN_ENUM_CONVERSION = YES;
				CLANG_WARN_INFINITE_RECURSION = YES;
				CLANG_WARN_INT_CONVERSION = YES;
				CLANG_WARN_NON_LITERAL_NULL_CONVERSION = YES;
				CLANG_WARN_OBJC_IMPLICIT_RETAIN_SELF = YES;
				CLANG_WARN_OBJC_LITERAL_CONVERSION = YES;
				CLANG_WARN_OBJC_ROOT_CLASS = YES_ERROR;
				CLANG_WARN_QUOTED_INCLUDE_IN_FRAMEWORK_HEADER = YES;
				CLANG_WARN_RANGE_LOOP_ANALYSIS = YES;
				CLANG_WARN_STRICT_PROTOTYPES = YES;
				CLANG_WARN_SUSPICIOUS_MOVE = YES;
				CLANG_WARN_UNGUARDED_AVAILABILITY = YES_AGGRESSIVE;
				CLANG_WARN_UNREACHABLE_CODE = YES;
				CLANG_WARN__DUPLICATE_METHOD_MATCH = YES;
				COPY_PHASE_STRIP = NO;
				DEBUG_INFORMATION_FORMAT = "dwarf-with-dsym";
				ENABLE_NS_ASSERTIONS = NO;
				ENABLE_STRICT_OBJC_MSGSEND = YES;
				GCC_C_LANGUAGE_STANDARD = gnu11;
				GCC_NO_COMMON_BLOCKS = YES;
				GCC_WARN_64_TO_32_BIT_CONVERSION = YES;
				GCC_WARN_ABOUT_RETURN_TYPE = YES_ERROR;
				GCC_WARN_UNDECLARED_SELECTOR = YES;
				GCC_WARN_UNINITIALIZED_AUTOS = YES_AGGRESSIVE;
				GCC_WARN_UNUSED_FUNCTION = YES;
				GCC_WARN_UNUSED_VARIABLE = YES;
				IPHONEOS_DEPLOYMENT_TARGET = 14.1;
				MTL_ENABLE_DEBUG_INFO = NO;
				MTL_FAST_MATH = YES;
				SDKROOT = iphoneos;
				SWIFT_COMPILATION_MODE = wholemodule;
				SWIFT_OPTIMIZATION_LEVEL = "-O";
				VALIDATE_PRODUCT = YES;
			};
			name = Release;
		};
		CDF8F9AB25BD0FDA0093ECA9 /* Debug */ = {
			isa = XCBuildConfiguration;
			baseConfigurationReference = F8D4AE2FD0B2532E2BF72F76 /* Pods-amplify-auth-getting-started.debug.xcconfig */;
			buildSettings = {
				ASSETCATALOG_COMPILER_APPICON_NAME = AppIcon;
				ASSETCATALOG_COMPILER_GLOBAL_ACCENT_COLOR_NAME = AccentColor;
				CODE_SIGN_STYLE = Automatic;
				DEVELOPMENT_TEAM = PL3G4Y7T9D;
				INFOPLIST_FILE = "amplify-auth-getting-started/Info.plist";
				LD_RUNPATH_SEARCH_PATHS = (
					"$(inherited)",
					"@executable_path/Frameworks",
				);
				PRODUCT_BUNDLE_IDENTIFIER = "com.darrylweimers.amplify-auth-getting-started";
				PRODUCT_NAME = "$(TARGET_NAME)";
				SWIFT_VERSION = 5.0;
				TARGETED_DEVICE_FAMILY = "1,2";
			};
			name = Debug;
		};
		CDF8F9AC25BD0FDA0093ECA9 /* Release */ = {
			isa = XCBuildConfiguration;
			baseConfigurationReference = 5995DA83E036EB5B6CA6275F /* Pods-amplify-auth-getting-started.release.xcconfig */;
			buildSettings = {
				ASSETCATALOG_COMPILER_APPICON_NAME = AppIcon;
				ASSETCATALOG_COMPILER_GLOBAL_ACCENT_COLOR_NAME = AccentColor;
				CODE_SIGN_STYLE = Automatic;
				DEVELOPMENT_TEAM = PL3G4Y7T9D;
				INFOPLIST_FILE = "amplify-auth-getting-started/Info.plist";
				LD_RUNPATH_SEARCH_PATHS = (
					"$(inherited)",
					"@executable_path/Frameworks",
				);
				PRODUCT_BUNDLE_IDENTIFIER = "com.darrylweimers.amplify-auth-getting-started";
				PRODUCT_NAME = "$(TARGET_NAME)";
				SWIFT_VERSION = 5.0;
				TARGETED_DEVICE_FAMILY = "1,2";
			};
			name = Release;
		};
		CDF8F9AE25BD0FDA0093ECA9 /* Debug */ = {
			isa = XCBuildConfiguration;
			baseConfigurationReference = 11619E23EDA92A888B298E5F /* Pods-amplify-auth-getting-startedTests.debug.xcconfig */;
			buildSettings = {
				ALWAYS_EMBED_SWIFT_STANDARD_LIBRARIES = YES;
				BUNDLE_LOADER = "$(TEST_HOST)";
				CODE_SIGN_STYLE = Automatic;
				DEVELOPMENT_TEAM = PL3G4Y7T9D;
				INFOPLIST_FILE = "amplify-auth-getting-startedTests/Info.plist";
				IPHONEOS_DEPLOYMENT_TARGET = 14.3;
				LD_RUNPATH_SEARCH_PATHS = (
					"$(inherited)",
					"@executable_path/Frameworks",
					"@loader_path/Frameworks",
				);
				PRODUCT_BUNDLE_IDENTIFIER = "com.darrylweimers.amplify-auth-getting-startedTests";
				PRODUCT_NAME = "$(TARGET_NAME)";
				SWIFT_VERSION = 5.0;
				TARGETED_DEVICE_FAMILY = "1,2";
				TEST_HOST = "$(BUILT_PRODUCTS_DIR)/amplify-auth-getting-started.app/amplify-auth-getting-started";
			};
			name = Debug;
		};
		CDF8F9AF25BD0FDA0093ECA9 /* Release */ = {
			isa = XCBuildConfiguration;
			baseConfigurationReference = 43B59D4C94BE0115805F5D46 /* Pods-amplify-auth-getting-startedTests.release.xcconfig */;
			buildSettings = {
				ALWAYS_EMBED_SWIFT_STANDARD_LIBRARIES = YES;
				BUNDLE_LOADER = "$(TEST_HOST)";
				CODE_SIGN_STYLE = Automatic;
				DEVELOPMENT_TEAM = PL3G4Y7T9D;
				INFOPLIST_FILE = "amplify-auth-getting-startedTests/Info.plist";
				IPHONEOS_DEPLOYMENT_TARGET = 14.3;
				LD_RUNPATH_SEARCH_PATHS = (
					"$(inherited)",
					"@executable_path/Frameworks",
					"@loader_path/Frameworks",
				);
				PRODUCT_BUNDLE_IDENTIFIER = "com.darrylweimers.amplify-auth-getting-startedTests";
				PRODUCT_NAME = "$(TARGET_NAME)";
				SWIFT_VERSION = 5.0;
				TARGETED_DEVICE_FAMILY = "1,2";
				TEST_HOST = "$(BUILT_PRODUCTS_DIR)/amplify-auth-getting-started.app/amplify-auth-getting-started";
			};
			name = Release;
		};
		CDF8F9B125BD0FDA0093ECA9 /* Debug */ = {
			isa = XCBuildConfiguration;
			baseConfigurationReference = 9CE0FE123D42234DDDD0D7D3 /* Pods-amplify-auth-getting-started-amplify-auth-getting-startedUITests.debug.xcconfig */;
			buildSettings = {
				ALWAYS_EMBED_SWIFT_STANDARD_LIBRARIES = YES;
				CODE_SIGN_STYLE = Automatic;
				DEVELOPMENT_TEAM = PL3G4Y7T9D;
				INFOPLIST_FILE = "amplify-auth-getting-startedUITests/Info.plist";
				LD_RUNPATH_SEARCH_PATHS = (
					"$(inherited)",
					"@executable_path/Frameworks",
					"@loader_path/Frameworks",
				);
				PRODUCT_BUNDLE_IDENTIFIER = "com.darrylweimers.amplify-auth-getting-startedUITests";
				PRODUCT_NAME = "$(TARGET_NAME)";
				SWIFT_VERSION = 5.0;
				TARGETED_DEVICE_FAMILY = "1,2";
				TEST_TARGET_NAME = "amplify-auth-getting-started";
			};
			name = Debug;
		};
		CDF8F9B225BD0FDA0093ECA9 /* Release */ = {
			isa = XCBuildConfiguration;
			baseConfigurationReference = 143A4A6C5AE22EC8BC152D16 /* Pods-amplify-auth-getting-started-amplify-auth-getting-startedUITests.release.xcconfig */;
			buildSettings = {
				ALWAYS_EMBED_SWIFT_STANDARD_LIBRARIES = YES;
				CODE_SIGN_STYLE = Automatic;
				DEVELOPMENT_TEAM = PL3G4Y7T9D;
				INFOPLIST_FILE = "amplify-auth-getting-startedUITests/Info.plist";
				LD_RUNPATH_SEARCH_PATHS = (
					"$(inherited)",
					"@executable_path/Frameworks",
					"@loader_path/Frameworks",
				);
				PRODUCT_BUNDLE_IDENTIFIER = "com.darrylweimers.amplify-auth-getting-startedUITests";
				PRODUCT_NAME = "$(TARGET_NAME)";
				SWIFT_VERSION = 5.0;
				TARGETED_DEVICE_FAMILY = "1,2";
				TEST_TARGET_NAME = "amplify-auth-getting-started";
			};
			name = Release;
		};
/* End XCBuildConfiguration section */

/* Begin XCConfigurationList section */
		CDF8F97B25BD0FD60093ECA9 /* Build configuration list for PBXProject "amplify-auth-getting-started" */ = {
			isa = XCConfigurationList;
			buildConfigurations = (
				CDF8F9A825BD0FDA0093ECA9 /* Debug */,
				CDF8F9A925BD0FDA0093ECA9 /* Release */,
			);
			defaultConfigurationIsVisible = 0;
			defaultConfigurationName = Release;
		};
		CDF8F9AA25BD0FDA0093ECA9 /* Build configuration list for PBXNativeTarget "amplify-auth-getting-started" */ = {
			isa = XCConfigurationList;
			buildConfigurations = (
				CDF8F9AB25BD0FDA0093ECA9 /* Debug */,
				CDF8F9AC25BD0FDA0093ECA9 /* Release */,
			);
			defaultConfigurationIsVisible = 0;
			defaultConfigurationName = Release;
		};
		CDF8F9AD25BD0FDA0093ECA9 /* Build configuration list for PBXNativeTarget "amplify-auth-getting-startedTests" */ = {
			isa = XCConfigurationList;
			buildConfigurations = (
				CDF8F9AE25BD0FDA0093ECA9 /* Debug */,
				CDF8F9AF25BD0FDA0093ECA9 /* Release */,
			);
			defaultConfigurationIsVisible = 0;
			defaultConfigurationName = Release;
		};
		CDF8F9B025BD0FDA0093ECA9 /* Build configuration list for PBXNativeTarget "amplify-auth-getting-startedUITests" */ = {
			isa = XCConfigurationList;
			buildConfigurations = (
				CDF8F9B125BD0FDA0093ECA9 /* Debug */,
				CDF8F9B225BD0FDA0093ECA9 /* Release */,
			);
			defaultConfigurationIsVisible = 0;
			defaultConfigurationName = Release;
		};
/* End XCConfigurationList section */

/* Begin XCRemoteSwiftPackageReference section */
		CD928EFC25CFD6EF0048CE99 /* XCRemoteSwiftPackageReference "UtilityKit" */ = {
			isa = XCRemoteSwiftPackageReference;
			repositoryURL = "https://github.com/darrylweimers/UtilityKit.git";
			requirement = {
				kind = upToNextMajorVersion;
				minimumVersion = 1.0.1;
			};
		};
/* End XCRemoteSwiftPackageReference section */

/* Begin XCSwiftPackageProductDependency section */
		CD928EFD25CFD6EF0048CE99 /* UtilityKit */ = {
			isa = XCSwiftPackageProductDependency;
			package = CD928EFC25CFD6EF0048CE99 /* XCRemoteSwiftPackageReference "UtilityKit" */;
			productName = UtilityKit;
		};
/* End XCSwiftPackageProductDependency section */
	};
	rootObject = CDF8F97825BD0FD60093ECA9 /* Project object */;
}
